
Microsoft Visual Studio Solution File, Format Version 12.00
# Visual Studio Version 17
VisualStudioVersion = 17.4.33213.308
MinimumVisualStudioVersion = 10.0.40219.1
Project("{FAE04EC0-301F-11D3-BF4B-00C04F79EFBC}") = "NumerosPares", "NumerosPares\NumerosPares.csproj", "{3A8FA3C2-1EB2-439E-99FB-7CE3D3603512}"
EndProject
Global
	GlobalSection(SolutionConfigurationPlatforms) = preSolution
		Debug|Any CPU = Debug|Any CPU
		Release|Any CPU = Release|Any CPU
	EndGlobalSection
	GlobalSection(ProjectConfigurationPlatforms) = postSolution
		{3A8FA3C2-1EB2-439E-99FB-7CE3D3603512}.Debug|Any CPU.ActiveCfg = Debug|Any CPU
		{3A8FA3C2-1EB2-439E-99FB-7CE3D3603512}.Debug|Any CPU.Build.0 = Debug|Any CPU
		{3A8FA3C2-1EB2-439E-99FB-7CE3D3603512}.Release|Any CPU.ActiveCfg = Release|Any CPU
		{3A8FA3C2-1EB2-439E-99FB-7CE3D3603512}.Release|Any CPU.Build.0 = Release|Any CPU
	EndGlobalSection
	GlobalSection(SolutionProperties) = preSolution
		HideSolutionNode = FALSE
	EndGlobalSection
	GlobalSection(ExtensibilityGlobals) = postSolution
		SolutionGuid = {6D4F48E4-F73D-45DC-9E5A-D86A6743F54A}
	EndGlobalSection
EndGlobal
